<?xml version="1.0" encoding="UTF-8"?>
<Solution>
	<Configurations>
		<BuildType Name="Debug"/>
		<BuildType Name="Release"/>
		<BuildType Name="MinSizeRel"/>
		<BuildType Name="RelWithDebInfo"/>
		<Platform Name="x64"/>
	</Configurations>
	<Project Path="ALL_BUILD.vcxproj" Type="8bc9ceb8-8b4a-11d0-8d11-00a0c91bc942" Id="334f2c8d-f274-34e2-b879-67f2f908b9f0" DefaultStartup="true">
		<BuildDependency Project="ZERO_CHECK.vcxproj"/>
		<BuildDependency Project="vkgalaxy.vcxproj"/>
		<Build Solution="Debug|*" Project="false"/>
		<Build Solution="Release|*" Project="false"/>
		<Build Solution="MinSizeRel|*" Project="false"/>
		<Build Solution="RelWithDebInfo|*" Project="false"/>
	</Project>
	<Project Path="ZERO_CHECK.vcxproj" Type="8bc9ceb8-8b4a-11d0-8d11-00a0c91bc942" Id="af208222-035f-37f5-9425-2295cf602672"/>
	<Project Path="vkgalaxy.vcxproj" Type="8bc9ceb8-8b4a-11d0-8d11-00a0c91bc942" Id="bfa1f1fc-8d1f-3d3e-9378-8c186aecbcc7">
		<BuildDependency Project="ZERO_CHECK.vcxproj"/>
	</Project>
</Solution>
